// !$*UTF8*$!
{
	archiveVersion = 1;
	classes = {
	};
	objectVersion = 51;
	objects = {

/* Begin PBXBuildFile section */
		11EC2BC07064A534DF89D3D4 /* Pods_Tmdb.framework in Frameworks */ = {isa = PBXBuildFile; fileRef = 6CFBEAFA349F1168355F7D67 /* Pods_Tmdb.framework */; };
		CF65FC912603DCA2005A3E4D /* AppDelegate.swift in Sources */ = {isa = PBXBuildFile; fileRef = CF65FC902603DCA2005A3E4D /* AppDelegate.swift */; };
		CF65FC932603DCA2005A3E4D /* SceneDelegate.swift in Sources */ = {isa = PBXBuildFile; fileRef = CF65FC922603DCA2005A3E4D /* SceneDelegate.swift */; };
		CF65FC952603DCA2005A3E4D /* ViewController.swift in Sources */ = {isa = PBXBuildFile; fileRef = CF65FC942603DCA2005A3E4D /* ViewController.swift */; };
		CF65FC982603DCA2005A3E4D /* Main.storyboard in Resources */ = {isa = PBXBuildFile; fileRef = CF65FC962603DCA2005A3E4D /* Main.storyboard */; };
		CF65FC9A2603DCA4005A3E4D /* Assets.xcassets in Resources */ = {isa = PBXBuildFile; fileRef = CF65FC992603DCA4005A3E4D /* Assets.xcassets */; };
		CF65FC9D2603DCA4005A3E4D /* LaunchScreen.storyboard in Resources */ = {isa = PBXBuildFile; fileRef = CF65FC9B2603DCA4005A3E4D /* LaunchScreen.storyboard */; };
		CF8A70452603EA8300F79C28 /* KakoHandler.swift in Sources */ = {isa = PBXBuildFile; fileRef = CF8A70442603EA8300F79C28 /* KakoHandler.swift */; };
/* End PBXBuildFile section */

/* Begin PBXFileReference section */
		48A29C7C055562E31577607F /* Pods-Tmdb.release.xcconfig */ = {isa = PBXFileReference; includeInIndex = 1; lastKnownFileType = text.xcconfig; name = "Pods-Tmdb.release.xcconfig"; path = "Target Support Files/Pods-Tmdb/Pods-Tmdb.release.xcconfig"; sourceTree = "<group>"; };
		6CFBEAFA349F1168355F7D67 /* Pods_Tmdb.framework */ = {isa = PBXFileReference; explicitFileType = wrapper.framework; includeInIndex = 0; path = Pods_Tmdb.framework; sourceTree = BUILT_PRODUCTS_DIR; };
		CF65FC8D2603DCA2005A3E4D /* Tmdb.app */ = {isa = PBXFileReference; explicitFileType = wrapper.application; includeInIndex = 0; path = Tmdb.app; sourceTree = BUILT_PRODUCTS_DIR; };
		CF65FC902603DCA2005A3E4D /* AppDelegate.swift */ = {isa = PBXFileReference; lastKnownFileType = sourcecode.swift; path = AppDelegate.swift; sourceTree = "<group>"; };
		CF65FC922603DCA2005A3E4D /* SceneDelegate.swift */ = {isa = PBXFileReference; lastKnownFileType = sourcecode.swift; path = SceneDelegate.swift; sourceTree = "<group>"; };
		CF65FC942603DCA2005A3E4D /* ViewController.swift */ = {isa = PBXFileReference; lastKnownFileType = sourcecode.swift; path = ViewController.swift; sourceTree = "<group>"; };
		CF65FC972603DCA2005A3E4D /* Base */ = {isa = PBXFileReference; lastKnownFileType = file.storyboard; name = Base; path = Base.lproj/Main.storyboard; sourceTree = "<group>"; };
		CF65FC992603DCA4005A3E4D /* Assets.xcassets */ = {isa = PBXFileReference; lastKnownFileType = folder.assetcatalog; path = Assets.xcassets; sourceTree = "<group>"; };
		CF65FC9C2603DCA4005A3E4D /* Base */ = {isa = PBXFileReference; lastKnownFileType = file.storyboard; name = Base; path = Base.lproj/LaunchScreen.storyboard; sourceTree = "<group>"; };
		CF65FC9E2603DCA4005A3E4D /* Info.plist */ = {isa = PBXFileReference; lastKnownFileType = text.plist.xml; path = Info.plist; sourceTree = "<group>"; };
		CF8A70442603EA8300F79C28 /* KakoHandler.swift */ = {isa = PBXFileReference; lastKnownFileType = sourcecode.swift; path = KakoHandler.swift; sourceTree = "<group>"; };
		D4AD235D91DCBFD823E7AE05 /* Pods-Tmdb.debug.xcconfig */ = {isa = PBXFileReference; includeInIndex = 1; lastKnownFileType = text.xcconfig; name = "Pods-Tmdb.debug.xcconfig"; path = "Target Support Files/Pods-Tmdb/Pods-Tmdb.debug.xcconfig"; sourceTree = "<group>"; };
/* End PBXFileReference section */

/* Begin PBXFrameworksBuildPhase section */
		CF65FC8A2603DCA2005A3E4D /* Frameworks */ = {
			isa = PBXFrameworksBuildPhase;
			buildActionMask = 2147483647;
			files = (
				11EC2BC07064A534DF89D3D4 /* Pods_Tmdb.framework in Frameworks */,
			);
			runOnlyForDeploymentPostprocessing = 0;
		};
/* End PBXFrameworksBuildPhase section */

/* Begin PBXGroup section */
		B169FBF352E82ED6C4B53FDC /* Frameworks */ = {
			isa = PBXGroup;
			children = (
				6CFBEAFA349F1168355F7D67 /* Pods_Tmdb.framework */,
			);
			name = Frameworks;
			sourceTree = "<group>";
		};
		C6CE9581A6DDC4C4C605B5E6 /* Pods */ = {
			isa = PBXGroup;
			children = (
				D4AD235D91DCBFD823E7AE05 /* Pods-Tmdb.debug.xcconfig */,
				48A29C7C055562E31577607F /* Pods-Tmdb.release.xcconfig */,
			);
			path = Pods;
			sourceTree = "<group>";
		};
		CF65FC842603DCA2005A3E4D = {
			isa = PBXGroup;
			children = (
				CF65FC8F2603DCA2005A3E4D /* Tmdb */,
				CF65FC8E2603DCA2005A3E4D /* Products */,
				C6CE9581A6DDC4C4C605B5E6 /* Pods */,
				B169FBF352E82ED6C4B53FDC /* Frameworks */,
			);
			sourceTree = "<group>";
		};
		CF65FC8E2603DCA2005A3E4D /* Products */ = {
			isa = PBXGroup;
			children = (
				CF65FC8D2603DCA2005A3E4D /* Tmdb.app */,
			);
			name = Products;
			sourceTree = "<group>";
		};
		CF65FC8F2603DCA2005A3E4D /* Tmdb */ = {
			isa = PBXGroup;
			children = (
				CF8A70432603EA6400F79C28 /* Global */,
				CF65FC902603DCA2005A3E4D /* AppDelegate.swift */,
				CF65FC922603DCA2005A3E4D /* SceneDelegate.swift */,
				CF65FC942603DCA2005A3E4D /* ViewController.swift */,
				CF65FC962603DCA2005A3E4D /* Main.storyboard */,
				CF65FC992603DCA4005A3E4D /* Assets.xcassets */,
				CF65FC9B2603DCA4005A3E4D /* LaunchScreen.storyboard */,
				CF65FC9E2603DCA4005A3E4D /* Info.plist */,
			);
			path = Tmdb;
			sourceTree = "<group>";
		};
		CF8A70432603EA6400F79C28 /* Global */ = {
			isa = PBXGroup;
			children = (
				CF8A70442603EA8300F79C28 /* KakoHandler.swift */,
			);
			path = Global;
			sourceTree = "<group>";
		};
/* End PBXGroup section */

/* Begin PBXNativeTarget section */
		CF65FC8C2603DCA2005A3E4D /* Tmdb */ = {
			isa = PBXNativeTarget;
			buildConfigurationList = CF65FCA12603DCA4005A3E4D /* Build configuration list for PBXNativeTarget "Tmdb" */;
			buildPhases = (
				0423AEC95EB59F93787BB5E8 /* [CP] Check Pods Manifest.lock */,
				CF65FC892603DCA2005A3E4D /* Sources */,
				CF65FC8A2603DCA2005A3E4D /* Frameworks */,
				CF65FC8B2603DCA2005A3E4D /* Resources */,
				B1DFED7BE668FFE369BF09CB /* [CP] Embed Pods Frameworks */,
			);
			buildRules = (
			);
			dependencies = (
			);
			name = Tmdb;
			productName = Tmdb;
			productReference = CF65FC8D2603DCA2005A3E4D /* Tmdb.app */;
			productType = "com.apple.product-type.application";
		};
/* End PBXNativeTarget section */

/* Begin PBXProject section */
		CF65FC852603DCA2005A3E4D /* Project object */ = {
			isa = PBXProject;
			attributes = {
				LastSwiftUpdateCheck = 1230;
				LastUpgradeCheck = 1230;
				TargetAttributes = {
					CF65FC8C2603DCA2005A3E4D = {
						CreatedOnToolsVersion = 12.3;
					};
				};
			};
			buildConfigurationList = CF65FC882603DCA2005A3E4D /* Build configuration list for PBXProject "Tmdb" */;
			compatibilityVersion = "Xcode 9.3";
			developmentRegion = en;
			hasScannedForEncodings = 0;
			knownRegions = (
				en,
				Base,
			);
			mainGroup = CF65FC842603DCA2005A3E4D;
			productRefGroup = CF65FC8E2603DCA2005A3E4D /* Products */;
			projectDirPath = "";
			projectRoot = "";
			targets = (
				CF65FC8C2603DCA2005A3E4D /* Tmdb */,
			);
		};
/* End PBXProject section */

/* Begin PBXResourcesBuildPhase section */
		CF65FC8B2603DCA2005A3E4D /* Resources */ = {
			isa = PBXResourcesBuildPhase;
			buildActionMask = 2147483647;
			files = (
				CF65FC9D2603DCA4005A3E4D /* LaunchScreen.storyboard in Resources */,
				CF65FC9A2603DCA4005A3E4D /* Assets.xcassets in Resources */,
				CF65FC982603DCA2005A3E4D /* Main.storyboard in Resources */,
			);
			runOnlyForDeploymentPostprocessing = 0;
		};
/* End PBXResourcesBuildPhase section */

/* Begin PBXShellScriptBuildPhase section */
		0423AEC95EB59F93787BB5E8 /* [CP] Check Pods Manifest.lock */ = {
			isa = PBXShellScriptBuildPhase;
			buildActionMask = 2147483647;
			files = (
			);
			inputFileListPaths = (
			);
			inputPaths = (
				"${PODS_PODFILE_DIR_PATH}/Podfile.lock",
				"${PODS_ROOT}/Manifest.lock",
			);
			name = "[CP] Check Pods Manifest.lock";
			outputFileListPaths = (
			);
			outputPaths = (
				"$(DERIVED_FILE_DIR)/Pods-Tmdb-checkManifestLockResult.txt",
			);
			runOnlyForDeploymentPostprocessing = 0;
			shellPath = /bin/sh;
			shellScript = "diff \"${PODS_PODFILE_DIR_PATH}/Podfile.lock\" \"${PODS_ROOT}/Manifest.lock\" > /dev/null\nif [ $? != 0 ] ; then\n    # print error to STDERR\n    echo \"error: The sandbox is not in sync with the Podfile.lock. Run 'pod install' or update your CocoaPods installation.\" >&2\n    exit 1\nfi\n# This output is used by Xcode 'outputs' to avoid re-running this script phase.\necho \"SUCCESS\" > \"${SCRIPT_OUTPUT_FILE_0}\"\n";
			showEnvVarsInLog = 0;
		};
		B1DFED7BE668FFE369BF09CB /* [CP] Embed Pods Frameworks */ = {
			isa = PBXShellScriptBuildPhase;
			buildActionMask = 2147483647;
			files = (
			);
			inputFileListPaths = (
				"${PODS_ROOT}/Target Support Files/Pods-Tmdb/Pods-Tmdb-frameworks-${CONFIGURATION}-input-files.xcfilelist",
			);
			name = "[CP] Embed Pods Frameworks";
			outputFileListPaths = (
				"${PODS_ROOT}/Target Support Files/Pods-Tmdb/Pods-Tmdb-frameworks-${CONFIGURATION}-output-files.xcfilelist",
			);
			runOnlyForDeploymentPostprocessing = 0;
			shellPath = /bin/sh;
			shellScript = "\"${PODS_ROOT}/Target Support Files/Pods-Tmdb/Pods-Tmdb-frameworks.sh\"\n";
			showEnvVarsInLog = 0;
		};
/* End PBXShellScriptBuildPhase section */

/* Begin PBXSourcesBuildPhase section */
		CF65FC892603DCA2005A3E4D /* Sources */ = {
			isa = PBXSourcesBuildPhase;
			buildActionMask = 2147483647;
			files = (
				CF8A70452603EA8300F79C28 /* KakoHandler.swift in Sources */,
				CF65FC952603DCA2005A3E4D /* ViewController.swift in Sources */,
				CF65FC912603DCA2005A3E4D /* AppDelegate.swift in Sources */,
				CF65FC932603DCA2005A3E4D /* SceneDelegate.swift in Sources */,
			);
			runOnlyForDeploymentPostprocessing = 0;
		};
/* End PBXSourcesBuildPhase section */

/* Begin PBXVariantGroup section */
		CF65FC962603DCA2005A3E4D /* Main.storyboard */ = {
			isa = PBXVariantGroup;
			children = (
				CF65FC972603DCA2005A3E4D /* Base */,
			);
			name = Main.storyboard;
			sourceTree = "<group>";
		};
		CF65FC9B2603DCA4005A3E4D /* LaunchScreen.storyboard */ = {
			isa = PBXVariantGroup;
			children = (
				CF65FC9C2603DCA4005A3E4D /* Base */,
			);
			name = LaunchScreen.storyboard;
			sourceTree = "<group>";
		};
/* End PBXVariantGroup section */

/* Begin XCBuildConfiguration section */
		CF65FC9F2603DCA4005A3E4D /* Debug */ = {
			isa = XCBuildConfiguration;
			buildSettings = {
				ALWAYS_SEARCH_USER_PATHS = NO;
				CLANG_ANALYZER_NONNULL = YES;
				CLANG_ANALYZER_NUMBER_OBJECT_CONVERSION = YES_AGGRESSIVE;
				CLANG_CXX_LANGUAGE_STANDARD = "gnu++14";
				CLANG_CXX_LIBRARY = "libc++";
				CLANG_ENABLE_MODULES = YES;
				CLANG_ENABLE_OBJC_ARC = YES;
				CLANG_ENABLE_OBJC_WEAK = YES;
				CLANG_WARN_BLOCK_CAPTURE_AUTORELEASING = YES;
				CLANG_WARN_BOOL_CONVERSION = YES;
				CLANG_WARN_COMMA = YES;
				CLANG_WARN_CONSTANT_CONVERSION = YES;
				CLANG_WARN_DEPRECATED_OBJC_IMPLEMENTATIONS = YES;
				CLANG_WARN_DIRECT_OBJC_ISA_USAGE = YES_ERROR;
				CLANG_WARN_DOCUMENTATION_COMMENTS = YES;
				CLANG_WARN_EMPTY_BODY = YES;
				CLANG_WARN_ENUM_CONVERSION = YES;
				CLANG_WARN_INFINITE_RECURSION = YES;
				CLANG_WARN_INT_CONVERSION = YES;
				CLANG_WARN_NON_LITERAL_NULL_CONVERSION = YES;
				CLANG_WARN_OBJC_IMPLICIT_RETAIN_SELF = YES;
				CLANG_WARN_OBJC_LITERAL_CONVERSION = YES;
				CLANG_WARN_OBJC_ROOT_CLASS = YES_ERROR;
				CLANG_WARN_QUOTED_INCLUDE_IN_FRAMEWORK_HEADER = YES;
				CLANG_WARN_RANGE_LOOP_ANALYSIS = YES;
				CLANG_WARN_STRICT_PROTOTYPES = YES;
				CLANG_WARN_SUSPICIOUS_MOVE = YES;
				CLANG_WARN_UNGUARDED_AVAILABILITY = YES_AGGRESSIVE;
				CLANG_WARN_UNREACHABLE_CODE = YES;
				CLANG_WARN__DUPLICATE_METHOD_MATCH = YES;
				COPY_PHASE_STRIP = NO;
				DEBUG_INFORMATION_FORMAT = dwarf;
				ENABLE_STRICT_OBJC_MSGSEND = YES;
				ENABLE_TESTABILITY = YES;
				GCC_C_LANGUAGE_STANDARD = gnu11;
				GCC_DYNAMIC_NO_PIC = NO;
				GCC_NO_COMMON_BLOCKS = YES;
				GCC_OPTIMIZATION_LEVEL = 0;
				GCC_PREPROCESSOR_DEFINITIONS = (
					"DEBUG=1",
					"$(inherited)",
				);
				GCC_WARN_64_TO_32_BIT_CONVERSION = YES;
				GCC_WARN_ABOUT_RETURN_TYPE = YES_ERROR;
				GCC_WARN_UNDECLARED_SELECTOR = YES;
				GCC_WARN_UNINITIALIZED_AUTOS = YES_AGGRESSIVE;
				GCC_WARN_UNUSED_FUNCTION = YES;
				GCC_WARN_UNUSED_VARIABLE = YES;
				IPHONEOS_DEPLOYMENT_TARGET = 14.3;
				MTL_ENABLE_DEBUG_INFO = INCLUDE_SOURCE;
				MTL_FAST_MATH = YES;
				ONLY_ACTIVE_ARCH = YES;
				SDKROOT = iphoneos;
				SWIFT_ACTIVE_COMPILATION_CONDITIONS = DEBUG;
				SWIFT_OPTIMIZATION_LEVEL = "-Onone";
			};
			name = Debug;
		};
		CF65FCA02603DCA4005A3E4D /* Release */ = {
			isa = XCBuildConfiguration;
			buildSettings = {
				ALWAYS_SEARCH_USER_PATHS = NO;
				CLANG_ANALYZER_NONNULL = YES;
				CLANG_ANALYZER_NUMBER_OBJECT_CONVERSION = YES_AGGRESSIVE;
				CLANG_CXX_LANGUAGE_STANDARD = "gnu++14";
				CLANG_CXX_LIBRARY = "libc++";
				CLANG_ENABLE_MODULES = YES;
				CLANG_ENABLE_OBJC_ARC = YES;
				CLANG_ENABLE_OBJC_WEAK = YES;
				CLANG_WARN_BLOCK_CAPTURE_AUTORELEASING = YES;
				CLANG_WARN_BOOL_CONVERSION = YES;
				CLANG_WARN_COMMA = YES;
				CLANG_WARN_CONSTANT_CONVERSION = YES;
				CLANG_WARN_DEPRECATED_OBJC_IMPLEMENTATIONS = YES;
				CLANG_WARN_DIRECT_OBJC_ISA_USAGE = YES_ERROR;
				CLANG_WARN_DOCUMENTATION_COMMENTS = YES;
				CLANG_WARN_EMPTY_BODY = YES;
				CLANG_WARN_ENUM_CONVERSION = YES;
				CLANG_WARN_INFINITE_RECURSION = YES;
				CLANG_WARN_INT_CONVERSION = YES;
				CLANG_WARN_NON_LITERAL_NULL_CONVERSION = YES;
				CLANG_WARN_OBJC_IMPLICIT_RETAIN_SELF = YES;
				CLANG_WARN_OBJC_LITERAL_CONVERSION = YES;
				CLANG_WARN_OBJC_ROOT_CLASS = YES_ERROR;
				CLANG_WARN_QUOTED_INCLUDE_IN_FRAMEWORK_HEADER = YES;
				CLANG_WARN_RANGE_LOOP_ANALYSIS = YES;
				CLANG_WARN_STRICT_PROTOTYPES = YES;
				CLANG_WARN_SUSPICIOUS_MOVE = YES;
				CLANG_WARN_UNGUARDED_AVAILABILITY = YES_AGGRESSIVE;
				CLANG_WARN_UNREACHABLE_CODE = YES;
				CLANG_WARN__DUPLICATE_METHOD_MATCH = YES;
				COPY_PHASE_STRIP = NO;
				DEBUG_INFORMATION_FORMAT = "dwarf-with-dsym";
				ENABLE_NS_ASSERTIONS = NO;
				ENABLE_STRICT_OBJC_MSGSEND = YES;
				GCC_C_LANGUAGE_STANDARD = gnu11;
				GCC_NO_COMMON_BLOCKS = YES;
				GCC_WARN_64_TO_32_BIT_CONVERSION = YES;
				GCC_WARN_ABOUT_RETURN_TYPE = YES_ERROR;
				GCC_WARN_UNDECLARED_SELECTOR = YES;
				GCC_WARN_UNINITIALIZED_AUTOS = YES_AGGRESSIVE;
				GCC_WARN_UNUSED_FUNCTION = YES;
				GCC_WARN_UNUSED_VARIABLE = YES;
				IPHONEOS_DEPLOYMENT_TARGET = 14.3;
				MTL_ENABLE_DEBUG_INFO = NO;
				MTL_FAST_MATH = YES;
				SDKROOT = iphoneos;
				SWIFT_COMPILATION_MODE = wholemodule;
				SWIFT_OPTIMIZATION_LEVEL = "-O";
				VALIDATE_PRODUCT = YES;
			};
			name = Release;
		};
		CF65FCA22603DCA4005A3E4D /* Debug */ = {
			isa = XCBuildConfiguration;
			baseConfigurationReference = D4AD235D91DCBFD823E7AE05 /* Pods-Tmdb.debug.xcconfig */;
			buildSettings = {
				ASSETCATALOG_COMPILER_APPICON_NAME = AppIcon;
				ASSETCATALOG_COMPILER_GLOBAL_ACCENT_COLOR_NAME = AccentColor;
				CODE_SIGN_STYLE = Automatic;
				INFOPLIST_FILE = Tmdb/Info.plist;
				LD_RUNPATH_SEARCH_PATHS = (
					"$(inherited)",
					"@executable_path/Frameworks",
				);
				PRODUCT_BUNDLE_IDENTIFIER = "Chanandler-Bong.Tmdb";
				PRODUCT_NAME = "$(TARGET_NAME)";
				SWIFT_VERSION = 5.0;
				TARGETED_DEVICE_FAMILY = 1;
			};
			name = Debug;
		};
		CF65FCA32603DCA4005A3E4D /* Release */ = {
			isa = XCBuildConfiguration;
			baseConfigurationReference = 48A29C7C055562E31577607F /* Pods-Tmdb.release.xcconfig */;
			buildSettings = {
				ASSETCATALOG_COMPILER_APPICON_NAME = AppIcon;
				ASSETCATALOG_COMPILER_GLOBAL_ACCENT_COLOR_NAME = AccentColor;
				CODE_SIGN_STYLE = Automatic;
				INFOPLIST_FILE = Tmdb/Info.plist;
				LD_RUNPATH_SEARCH_PATHS = (
					"$(inherited)",
					"@executable_path/Frameworks",
				);
				PRODUCT_BUNDLE_IDENTIFIER = "Chanandler-Bong.Tmdb";
				PRODUCT_NAME = "$(TARGET_NAME)";
				SWIFT_VERSION = 5.0;
				TARGETED_DEVICE_FAMILY = 1;
			};
			name = Release;
		};
/* End XCBuildConfiguration section */

/* Begin XCConfigurationList section */
		CF65FC882603DCA2005A3E4D /* Build configuration list for PBXProject "Tmdb" */ = {
			isa = XCConfigurationList;
			buildConfigurations = (
				CF65FC9F2603DCA4005A3E4D /* Debug */,
				CF65FCA02603DCA4005A3E4D /* Release */,
			);
			defaultConfigurationIsVisible = 0;
			defaultConfigurationName = Release;
		};
		CF65FCA12603DCA4005A3E4D /* Build configuration list for PBXNativeTarget "Tmdb" */ = {
			isa = XCConfigurationList;
			buildConfigurations = (
				CF65FCA22603DCA4005A3E4D /* Debug */,
				CF65FCA32603DCA4005A3E4D /* Release */,
			);
			defaultConfigurationIsVisible = 0;
			defaultConfigurationName = Release;
		};
/* End XCConfigurationList section */
	};
	rootObject = CF65FC852603DCA2005A3E4D /* Project object */;
}
